
Microsoft Visual Studio Solution File, Format Version 12.00
# Visual Studio Version 16
VisualStudioVersion = 16.0.30320.27
MinimumVisualStudioVersion = 10.0.40219.1
Project("{9A19103F-16F7-4668-BE54-9A1E7A4F7556}") = "ControlLayer", "ControlLayer\ControlLayer.csproj", "{78069182-92C9-416E-B181-F978275EB7E8}"
EndProject
Project("{FAE04EC0-301F-11D3-BF4B-00C04F79EFBC}") = "DataAccessLayer", "DataAccessLayer\DataAccessLayer.csproj", "{34B13031-2E00-4249-984A-AF52CF913DA2}"
EndProject
Project("{FAE04EC0-301F-11D3-BF4B-00C04F79EFBC}") = "GUILayer", "GUILayer\GUILayer.csproj", "{6F517DDC-1323-42D5-BDD4-649955D9A7F1}"
EndProject
Global
	GlobalSection(SolutionConfigurationPlatforms) = preSolution
		Debug|Any CPU = Debug|Any CPU
		Release|Any CPU = Release|Any CPU
	EndGlobalSection
	GlobalSection(ProjectConfigurationPlatforms) = postSolution
		{78069182-92C9-416E-B181-F978275EB7E8}.Debug|Any CPU.ActiveCfg = Debug|Any CPU
		{78069182-92C9-416E-B181-F978275EB7E8}.Debug|Any CPU.Build.0 = Debug|Any CPU
		{78069182-92C9-416E-B181-F978275EB7E8}.Release|Any CPU.ActiveCfg = Release|Any CPU
		{78069182-92C9-416E-B181-F978275EB7E8}.Release|Any CPU.Build.0 = Release|Any CPU
		{34B13031-2E00-4249-984A-AF52CF913DA2}.Debug|Any CPU.ActiveCfg = Debug|Any CPU
		{34B13031-2E00-4249-984A-AF52CF913DA2}.Debug|Any CPU.Build.0 = Debug|Any CPU
		{34B13031-2E00-4249-984A-AF52CF913DA2}.Release|Any CPU.ActiveCfg = Release|Any CPU
		{34B13031-2E00-4249-984A-AF52CF913DA2}.Release|Any CPU.Build.0 = Release|Any CPU
		{6F517DDC-1323-42D5-BDD4-649955D9A7F1}.Debug|Any CPU.ActiveCfg = Debug|Any CPU
		{6F517DDC-1323-42D5-BDD4-649955D9A7F1}.Debug|Any CPU.Build.0 = Debug|Any CPU
		{6F517DDC-1323-42D5-BDD4-649955D9A7F1}.Release|Any CPU.ActiveCfg = Release|Any CPU
		{6F517DDC-1323-42D5-BDD4-649955D9A7F1}.Release|Any CPU.Build.0 = Release|Any CPU
	EndGlobalSection
	GlobalSection(SolutionProperties) = preSolution
		HideSolutionNode = FALSE
	EndGlobalSection
	GlobalSection(ExtensibilityGlobals) = postSolution
		SolutionGuid = {FFB5D411-1ECA-4281-BDCA-0E4F2F5424B9}
	EndGlobalSection
EndGlobal
